{
  "name": "callbag-interval-immediate",
  "version": "1.0.9",
  "lockfileVersion": 1,
  "requires": true,
  "dependencies": {
    "@tsconfig/node10": {
      "version": "1.0.7",
      "resolved": "https://registry.npmjs.org/@tsconfig/node10/-/node10-1.0.7.tgz",
      "integrity": "sha512-aBvUmXLQbayM4w3A8TrjwrXs4DZ8iduJnuJLLRGdkWlyakCf1q6uHZJBzXoRA/huAEknG5tcUyQxN3A+In5euQ==",
      "dev": true
    },
    "@tsconfig/node12": {
      "version": "1.0.7",
      "resolved": "https://registry.npmjs.org/@tsconfig/node12/-/node12-1.0.7.tgz",
      "integrity": "sha512-dgasobK/Y0wVMswcipr3k0HpevxFJLijN03A8mYfEPvWvOs14v0ZlYTR4kIgMx8g4+fTyTFv8/jLCIfRqLDJ4A==",
      "dev": true
    },
    "@tsconfig/node14": {
      "version": "1.0.0",
      "resolved": "https://registry.npmjs.org/@tsconfig/node14/-/node14-1.0.0.tgz",
      "integrity": "sha512-RKkL8eTdPv6t5EHgFKIVQgsDapugbuOptNd9OOunN/HAkzmmTnZELx1kNCK0rSdUYGmiFMM3rRQMAWiyp023LQ==",
      "dev": true
    },
    "@tsconfig/node16": {
      "version": "1.0.1",
      "resolved": "https://registry.npmjs.org/@tsconfig/node16/-/node16-1.0.1.tgz",
      "integrity": "sha512-FTgBI767POY/lKNDNbIzgAX6miIDBs6NTCbdlDb8TrWovHsSvaVIZDlTqym29C6UqhzwcJx4CYr+AlrMywA0cA==",
      "dev": true
    },
    "@types/node": {
      "version": "15.6.1",
      "resolved": "https://registry.npmjs.org/@types/node/-/node-15.6.1.tgz",
      "integrity": "sha512-7EIraBEyRHEe7CH+Fm1XvgqU6uwZN8Q7jppJGcqjROMT29qhAuuOxYB1uEY5UMYQKEmA5D+5tBnhdaPXSsLONA==",
      "dev": true
    },
    "arg": {
      "version": "4.1.3",
      "resolved": "https://registry.npmjs.org/arg/-/arg-4.1.3.tgz",
      "integrity": "sha512-58S9QDqG0Xx27YwPSt9fJxivjYl432YCwfDMfZ+71RAqUrZef7LrKQZ3LHLOwCS4FLNBplP533Zx895SeOCHvA==",
      "dev": true
    },
    "barecolor": {
      "version": "1.0.1",
      "resolved": "https://registry.npmjs.org/barecolor/-/barecolor-1.0.1.tgz",
      "integrity": "sha512-ncJ680U+r1CGBt73L3O6V9GIAPy3hbDmWODEQajwEnDmmzeStvc4UYhapUSxUpS76+MHxyRihzZfwhyl122Zdw==",
      "dev": true
    },
    "baretest": {
      "version": "2.0.0",
      "resolved": "https://registry.npmjs.org/baretest/-/baretest-2.0.0.tgz",
      "integrity": "sha512-hRmYnBojeijT3jH0GtqLoHus+adPoeYh2NmcNT3wBPH903AUphcFqs1gJ64fBovDXql51Df24g9D9jcXRZd4vA==",
      "dev": true,
      "requires": {
        "barecolor": "1.0.1"
      }
    },
    "buffer-from": {
      "version": "1.1.1",
      "resolved": "https://registry.npmjs.org/buffer-from/-/buffer-from-1.1.1.tgz",
      "integrity": "sha512-MQcXEUbCKtEo7bhqEs6560Hyd4XaovZlO/k9V3hjVUF/zwW7KBVdSK4gIt/bzwS9MbR5qob+F5jusZsb0YQK2A==",
      "dev": true
    },
    "callbag": {
      "version": "1.4.0",
      "resolved": "https://registry.npmjs.org/callbag/-/callbag-1.4.0.tgz",
      "integrity": "sha512-C6KRhRbEddJ89vClBBR9Hd10DXv3J5ulKmJ+SRjn+eNup8imZ+sxG3QkWJ3IEljpHfVxo/6IcRnXuQE2GQmmXA=="
    },
    "callbag-basics": {
      "version": "4.0.0",
      "resolved": "https://registry.npmjs.org/callbag-basics/-/callbag-basics-4.0.0.tgz",
      "integrity": "sha512-32h7VCnrbHvAsKVtCq209ebebMAlJy1LCXm+UYVgoNzL+LwhLuu6CN0aYpe7E9nda4H3hAJe9/Op6BHJgwoIyQ==",
      "requires": {
        "callbag": "1",
        "callbag-combine": "1",
        "callbag-concat": "1",
        "callbag-filter": "1",
        "callbag-flatten": "1",
        "callbag-for-each": "1",
        "callbag-from-event": "1",
        "callbag-from-iter": "1",
        "callbag-from-obs": "1",
        "callbag-from-promise": "1",
        "callbag-interval": "1",
        "callbag-map": "1",
        "callbag-merge": "3",
        "callbag-pipe": "1",
        "callbag-scan": "1",
        "callbag-share": "1",
        "callbag-skip": "1",
        "callbag-take": "1"
      }
    },
    "callbag-combine": {
      "version": "1.2.0",
      "resolved": "https://registry.npmjs.org/callbag-combine/-/callbag-combine-1.2.0.tgz",
      "integrity": "sha512-iDHfGNcBb9oIJLA//ytxU1e1W5MjjG+lIu2E2xtVs8fBba7+Zkp4wU6bnIf5II34hDxyEy8O8ct8TY6GO/W8Ig==",
      "requires": {
        "callbag": "^1.1.0"
      }
    },
    "callbag-concat": {
      "version": "1.2.1",
      "resolved": "https://registry.npmjs.org/callbag-concat/-/callbag-concat-1.2.1.tgz",
      "integrity": "sha512-iIC4FCUF7sKnt4gDKHNjMRHekebdaA1/udjON/mCLg31EzzTO/dE9nfxpcj+G/63KopFXVQdZKQDsu7UOYGpPg==",
      "requires": {
        "callbag": "^1.2.0"
      }
    },
    "callbag-filter": {
      "version": "1.1.0",
      "resolved": "https://registry.npmjs.org/callbag-filter/-/callbag-filter-1.1.0.tgz",
      "integrity": "sha512-m6ZHEd9JYHBAYJAdeqgt3gIKSoZOizfJTxIPd8EvDwY8Dr44+slm090WvCrrlz2SZoU8mCqpmZ8TFrGKXHo/yw==",
      "requires": {
        "callbag": "^1.1.0"
      }
    },
    "callbag-flatten": {
      "version": "1.7.0",
      "resolved": "https://registry.npmjs.org/callbag-flatten/-/callbag-flatten-1.7.0.tgz",
      "integrity": "sha512-1nekVS5GwI38CRcIzmLFRFmXeoHkLG/SkUAwwvarwL4srmHW994UzFAcwwQbZjI9gudqfVDvY+LnopNb4Dtc4w==",
      "requires": {
        "callbag": "^1.1.0"
      }
    },
    "callbag-for-each": {
      "version": "1.1.0",
      "resolved": "https://registry.npmjs.org/callbag-for-each/-/callbag-for-each-1.1.0.tgz",
      "integrity": "sha512-/FKC/dd3hnw/M1G5mlZrz/+UbtHYPz5PsmmBvpthNb67v6XuQlT93BzxQDxRHAalAjsOci8ZqoYFgmmJxwGhvg==",
      "requires": {
        "callbag": "^1.1.0"
      }
    },
    "callbag-from-event": {
      "version": "1.3.0",
      "resolved": "https://registry.npmjs.org/callbag-from-event/-/callbag-from-event-1.3.0.tgz",
      "integrity": "sha512-cAu82hKKFmMtKTmd50p/nlMfs1oKz+PGUZmmwhbzPbw4YtjNgTKg6pXjpcQprhBQdrqg/v8pHcAS8Qs6X7r8fw==",
      "requires": {
        "callbag": "^1.1.0"
      }
    },
    "callbag-from-iter": {
      "version": "1.3.0",
      "resolved": "https://registry.npmjs.org/callbag-from-iter/-/callbag-from-iter-1.3.0.tgz",
      "integrity": "sha512-iBc6O6DYDWQBjlOZzdU/SbJofK0pN3TjNWC4fDIQePBk5FWCZKVll/coXiVU6gpwbBaS0Om/d/PVbVK8Ki17Ew==",
      "requires": {
        "callbag": "^1.2.0"
      }
    },
    "callbag-from-obs": {
      "version": "1.2.0",
      "resolved": "https://registry.npmjs.org/callbag-from-obs/-/callbag-from-obs-1.2.0.tgz",
      "integrity": "sha512-InhdPC6P4Gdpg7nuXSkocDFlb+//sbwCrVCYhxOHhSVm1gDcw/zSA+IF1gHdYtk4RQKKaCymUFCkVVUVSRThVQ==",
      "requires": {
        "symbol-observable": "^1.2.0"
      }
    },
    "callbag-from-promise": {
      "version": "1.3.0",
      "resolved": "https://registry.npmjs.org/callbag-from-promise/-/callbag-from-promise-1.3.0.tgz",
      "integrity": "sha512-1e6Xloc5DavrPUYIUKUNLhYTTXFtrRH/tN0qbS+LAzNeu9whCJOLEExjVfntEfSbiuADClAuIiVDLRiPBhu1mg==",
      "requires": {
        "callbag": "^1.1.0"
      }
    },
    "callbag-interval": {
      "version": "1.2.0",
      "resolved": "https://registry.npmjs.org/callbag-interval/-/callbag-interval-1.2.0.tgz",
      "integrity": "sha512-jo2UQZ+vvGWvCCykqKzL7ixSoTmvzDysQGTQkI3qQF28weRSMSmH5k86qmm7ddfPW1yNczcL93uhGnWC5e34Og==",
      "requires": {
        "callbag": "^1.1.0"
      }
    },
    "callbag-map": {
      "version": "1.1.0",
      "resolved": "https://registry.npmjs.org/callbag-map/-/callbag-map-1.1.0.tgz",
      "integrity": "sha512-/xFzvJCtx1xulZpFeI4wq+ZD7tkg417XOeJ3wS9v8bHLLpt+fHKXgbZ8TBnnIxywJN6Uu/ZhL+c1DzUG6KXYFQ==",
      "requires": {
        "callbag": "^1.1.0"
      }
    },
    "callbag-merge": {
      "version": "3.2.2",
      "resolved": "https://registry.npmjs.org/callbag-merge/-/callbag-merge-3.2.2.tgz",
      "integrity": "sha512-VeBE5Mh7LUxYwxaITKsHt3CmZeMMfpsjEamMD0Wf6ajrFE6FGa4aQnd7SZ5h0KSSTcivxe0UaT6x97f8Y9atzA==",
      "requires": {
        "callbag": "^1.2.0"
      }
    },
    "callbag-pipe": {
      "version": "1.2.0",
      "resolved": "https://registry.npmjs.org/callbag-pipe/-/callbag-pipe-1.2.0.tgz",
      "integrity": "sha512-M+LdHUK0qJkm4CRe+I870ZzD/SnzcpTsfJRzFoB2hOkNXlrVdoj002KMkfdS4pHMfV6egzZFd8j+xJu6C4kwEQ=="
    },
    "callbag-scan": {
      "version": "1.1.0",
      "resolved": "https://registry.npmjs.org/callbag-scan/-/callbag-scan-1.1.0.tgz",
      "integrity": "sha512-5Aw9LR8b4Fg/gC++lWrq9sXEqgO0c5Gk+HWaFhFoVqgujSUVRxFw+c4bLw1eExWrBX6OeBDbVZ/2rMr/E0q9cQ==",
      "requires": {
        "callbag": "^1.1.0"
      }
    },
    "callbag-share": {
      "version": "1.3.0",
      "resolved": "https://registry.npmjs.org/callbag-share/-/callbag-share-1.3.0.tgz",
      "integrity": "sha512-KqM16UzlvK3DcYRsT6Myabm4GqvsMQIoGLWmawVVoMAw3534O0XCa+6Sai0mjFKenC3tqTacyChlusoZoZmdsg==",
      "requires": {
        "callbag": "^1.1.0"
      }
    },
    "callbag-skip": {
      "version": "1.1.0",
      "resolved": "https://registry.npmjs.org/callbag-skip/-/callbag-skip-1.1.0.tgz",
      "integrity": "sha512-KodTVJFA1h1Z7iFvs2ocwtyvb+q38i/FJTabdMTmmPucQV+XpGH8e6BYxmYRznY4FQUTLM9e5Y5HqbUxT7ma1w==",
      "requires": {
        "callbag": "^1.1.0"
      }
    },
    "callbag-take": {
      "version": "1.5.0",
      "resolved": "https://registry.npmjs.org/callbag-take/-/callbag-take-1.5.0.tgz",
      "integrity": "sha512-8aOxp+gzfVQtDe+tk9PhKbC9QR9Vap4KFA0xccUiXFK9VjIS0fSt/Yi454viPpMhJkhRcx1BsjyF34Cj57W89A==",
      "requires": {
        "callbag": "^1.1.0"
      }
    },
    "create-require": {
      "version": "1.1.1",
      "resolved": "https://registry.npmjs.org/create-require/-/create-require-1.1.1.tgz",
      "integrity": "sha512-dcKFX3jn0MpIaXjisoRvexIJVEKzaq7z2rZKxf+MSr9TkdmHmsU4m2lcLojrj/FHl8mk5VxMmYA+ftRkP/3oKQ==",
      "dev": true
    },
    "diff": {
      "version": "4.0.2",
      "resolved": "https://registry.npmjs.org/diff/-/diff-4.0.2.tgz",
      "integrity": "sha512-58lmxKSA4BNyLz+HHMUzlOEpg09FV+ev6ZMe3vJihgdxzgcwZ8VoEEPmALCZG9LmqfVoNMMKpttIYTVG6uDY7A==",
      "dev": true
    },
    "husky": {
      "version": "6.0.0",
      "resolved": "https://registry.npmjs.org/husky/-/husky-6.0.0.tgz",
      "integrity": "sha512-SQS2gDTB7tBN486QSoKPKQItZw97BMOd+Kdb6ghfpBc0yXyzrddI0oDV5MkDAbuB4X2mO3/nj60TRMcYxwzZeQ==",
      "dev": true
    },
    "make-error": {
      "version": "1.3.6",
      "resolved": "https://registry.npmjs.org/make-error/-/make-error-1.3.6.tgz",
      "integrity": "sha512-s8UhlNe7vPKomQhC1qFelMokr/Sc3AgNbso3n74mVPA5LTZwkB9NlXf4XPamLxJE8h0gh73rM94xvwRT2CVInw==",
      "dev": true
    },
    "source-map": {
      "version": "0.6.1",
      "resolved": "https://registry.npmjs.org/source-map/-/source-map-0.6.1.tgz",
      "integrity": "sha512-UjgapumWlbMhkBgzT7Ykc5YXUT46F0iKu8SGXq0bcwP5dz/h0Plj6enJqjz1Zbq2l5WaqYnrVbwWOWMyF3F47g==",
      "dev": true
    },
    "source-map-support": {
      "version": "0.5.19",
      "resolved": "https://registry.npmjs.org/source-map-support/-/source-map-support-0.5.19.tgz",
      "integrity": "sha512-Wonm7zOCIJzBGQdB+thsPar0kYuCIzYvxZwlBa87yi/Mdjv7Tip2cyVbLj5o0cFPN4EVkuTwb3GDDyUx2DGnGw==",
      "dev": true,
      "requires": {
        "buffer-from": "^1.0.0",
        "source-map": "^0.6.0"
      }
    },
    "symbol-observable": {
      "version": "1.2.0",
      "resolved": "https://registry.npmjs.org/symbol-observable/-/symbol-observable-1.2.0.tgz",
      "integrity": "sha512-e900nM8RRtGhlV36KGEU9k65K3mPb1WV70OdjfxlG2EAuM1noi/E/BaW/uMhL7bPEssK8QV57vN3esixjUvcXQ=="
    },
    "ts-node": {
      "version": "10.0.0",
      "resolved": "https://registry.npmjs.org/ts-node/-/ts-node-10.0.0.tgz",
      "integrity": "sha512-ROWeOIUvfFbPZkoDis0L/55Fk+6gFQNZwwKPLinacRl6tsxstTF1DbAcLKkovwnpKMVvOMHP1TIbnwXwtLg1gg==",
      "dev": true,
      "requires": {
        "@tsconfig/node10": "^1.0.7",
        "@tsconfig/node12": "^1.0.7",
        "@tsconfig/node14": "^1.0.0",
        "@tsconfig/node16": "^1.0.1",
        "arg": "^4.1.0",
        "create-require": "^1.1.0",
        "diff": "^4.0.1",
        "make-error": "^1.1.1",
        "source-map-support": "^0.5.17",
        "yn": "3.1.1"
      }
    },
    "typescript": {
      "version": "4.2.4",
      "resolved": "https://registry.npmjs.org/typescript/-/typescript-4.2.4.tgz",
      "integrity": "sha512-V+evlYHZnQkaz8TRBuxTA92yZBPotr5H+WhQ7bD3hZUndx5tGOa1fuCgeSjxAzM1RiN5IzvadIXTVefuuwZCRg==",
      "dev": true
    },
    "yn": {
      "version": "3.1.1",
      "resolved": "https://registry.npmjs.org/yn/-/yn-3.1.1.tgz",
      "integrity": "sha512-Ux4ygGWsu2c7isFWe8Yu1YluJmqVhxqK2cLXNQA5AcC3QfbGNpM7fu0Y8b/z16pXLnFxZYvWhd3fhBY9DLmC6Q==",
      "dev": true
    }
  }
}
